{
  "version": 4,
  "terraform_version": "1.12.2",
  "serial": 15,
  "lineage": "d77ae485-a16d-a35c-3124-1db4fe3cd123",
  "outputs": {
    "instance_name": {
      "value": "eva-dev-dev",
      "type": "string"
    },
    "ssh_command": {
      "value": "gcloud compute ssh eva@eva-dev-dev --zone=us-central1-a",
      "type": "string"
    },
    "storage_bucket": {
      "value": "eva-deepseek-dev-eva-dev-data",
      "type": "string"
    }
  },
  "resources": [
    {
      "mode": "data",
      "type": "google_compute_image",
      "name": "ubuntu",
      "provider": "provider[\"registry.terraform.io/hashicorp/google\"]",
      "instances": [
        {
          "schema_version": 0,
          "attributes": {
            "archive_size_bytes": 3859216128,
            "creation_timestamp": "2025-07-22T14:23:50.064-07:00",
            "description": "Canonical, Ubuntu, 22.04 LTS, amd64 jammy image built on 2025-07-22",
            "disk_size_gb": 10,
            "family": "ubuntu-2204-lts",
            "filter": null,
            "id": "projects/ubuntu-os-cloud/global/images/ubuntu-2204-jammy-v20250722",
            "image_encryption_key_sha256": "",
            "image_id": "3994895977242541962",
            "label_fingerprint": "42WmSpB8rSM=",
            "labels": {},
            "licenses": [
              "https://www.googleapis.com/compute/v1/projects/ubuntu-os-cloud/global/licenses/ubuntu-2204-lts"
            ],
            "most_recent": false,
            "name": "ubuntu-2204-jammy-v20250722",
            "project": "ubuntu-os-cloud",
            "self_link": "https://www.googleapis.com/compute/v1/projects/ubuntu-os-cloud/global/images/ubuntu-2204-jammy-v20250722",
            "source_disk": "",
            "source_disk_encryption_key_sha256": "",
            "source_disk_id": "",
            "source_image_id": "",
            "status": "READY"
          },
          "sensitive_attributes": [],
          "identity_schema_version": 0
        }
      ]
    },
    {
      "mode": "managed",
      "type": "google_compute_disk",
      "name": "eva_dev_disk",
      "provider": "provider[\"registry.terraform.io/hashicorp/google\"]",
      "instances": [
        {
          "schema_version": 0,
          "attributes": {
            "access_mode": "",
            "async_primary_disk": [],
            "creation_timestamp": "2025-08-02T15:16:40.927-07:00",
            "description": "",
            "disk_encryption_key": [],
            "disk_id": "8809230634437521575",
            "effective_labels": {
              "environment": "dev",
              "project": "eva"
            },
            "enable_confidential_compute": false,
            "guest_os_features": [],
            "id": "projects/eva-deepseek-dev/zones/us-central1-a/disks/eva-dev-dev-disk",
            "image": "",
            "label_fingerprint": "boyvBe55TWQ=",
            "labels": {
              "environment": "dev",
              "project": "eva"
            },
            "last_attach_timestamp": "",
            "last_detach_timestamp": "",
            "licenses": [],
            "name": "eva-dev-dev-disk",
            "physical_block_size_bytes": 4096,
            "project": "eva-deepseek-dev",
            "provisioned_iops": 0,
            "provisioned_throughput": 0,
            "self_link": "https://www.googleapis.com/compute/v1/projects/eva-deepseek-dev/zones/us-central1-a/disks/eva-dev-dev-disk",
            "size": 200,
            "snapshot": "",
            "source_disk": "",
            "source_disk_id": "",
            "source_image_encryption_key": [],
            "source_image_id": "",
            "source_snapshot_encryption_key": [],
            "source_snapshot_id": "",
            "storage_pool": "",
            "terraform_labels": {
              "environment": "dev",
              "project": "eva"
            },
            "timeouts": null,
            "type": "pd-ssd",
            "users": [],
            "zone": "us-central1-a"
          },
          "sensitive_attributes": [],
          "identity_schema_version": 0,
          "private": "eyJlMmJmYjczMC1lY2FhLTExZTYtOGY4OC0zNDM2M2JjN2M0YzAiOnsiY3JlYXRlIjoxMjAwMDAwMDAwMDAwLCJkZWxldGUiOjEyMDAwMDAwMDAwMDAsInVwZGF0ZSI6MTIwMDAwMDAwMDAwMH19"
        }
      ]
    },
    {
      "mode": "managed",
      "type": "google_compute_firewall",
      "name": "eva_internal",
      "provider": "provider[\"registry.terraform.io/hashicorp/google\"]",
      "instances": [
        {
          "schema_version": 1,
          "attributes": {
            "allow": [
              {
                "ports": [
                  "0-65535"
                ],
                "protocol": "tcp"
              },
              {
                "ports": [
                  "0-65535"
                ],
                "protocol": "udp"
              },
              {
                "ports": [],
                "protocol": "icmp"
              }
            ],
            "creation_timestamp": "2025-08-02T15:16:10.122-07:00",
            "deny": [],
            "description": "Allow internal communication",
            "destination_ranges": [],
            "direction": "INGRESS",
            "disabled": false,
            "enable_logging": null,
            "id": "projects/eva-deepseek-dev/global/firewalls/eva-dev-allow-internal",
            "log_config": [],
            "name": "eva-dev-allow-internal",
            "network": "https://www.googleapis.com/compute/v1/projects/eva-deepseek-dev/global/networks/eva-dev-network",
            "priority": 1000,
            "project": "eva-deepseek-dev",
            "self_link": "https://www.googleapis.com/compute/v1/projects/eva-deepseek-dev/global/firewalls/eva-dev-allow-internal",
            "source_ranges": [
              "10.0.0.0/24"
            ],
            "source_service_accounts": [],
            "source_tags": [],
            "target_service_accounts": [],
            "target_tags": [
              "eva-dev"
            ],
            "timeouts": null
          },
          "sensitive_attributes": [],
          "identity_schema_version": 0,
          "private": "eyJlMmJmYjczMC1lY2FhLTExZTYtOGY4OC0zNDM2M2JjN2M0YzAiOnsiY3JlYXRlIjoxMjAwMDAwMDAwMDAwLCJkZWxldGUiOjEyMDAwMDAwMDAwMDAsInVwZGF0ZSI6MTIwMDAwMDAwMDAwMH0sInNjaGVtYV92ZXJzaW9uIjoiMSJ9",
          "dependencies": [
            "google_compute_network.eva_network"
          ]
        }
      ]
    },
    {
      "mode": "managed",
      "type": "google_compute_firewall",
      "name": "eva_jupyter",
      "provider": "provider[\"registry.terraform.io/hashicorp/google\"]",
      "instances": [
        {
          "schema_version": 1,
          "attributes": {
            "allow": [
              {
                "ports": [
                  "8888",
                  "6006",
                  "8080"
                ],
                "protocol": "tcp"
              }
            ],
            "creation_timestamp": "2025-08-02T15:16:10.208-07:00",
            "deny": [],
            "description": "Allow access to development services",
            "destination_ranges": [],
            "direction": "INGRESS",
            "disabled": false,
            "enable_logging": null,
            "id": "projects/eva-deepseek-dev/global/firewalls/eva-dev-allow-jupyter",
            "log_config": [],
            "name": "eva-dev-allow-jupyter",
            "network": "https://www.googleapis.com/compute/v1/projects/eva-deepseek-dev/global/networks/eva-dev-network",
            "priority": 1000,
            "project": "eva-deepseek-dev",
            "self_link": "https://www.googleapis.com/compute/v1/projects/eva-deepseek-dev/global/firewalls/eva-dev-allow-jupyter",
            "source_ranges": [
              "187.190.190.250/32"
            ],
            "source_service_accounts": [],
            "source_tags": [],
            "target_service_accounts": [],
            "target_tags": [
              "eva-dev"
            ],
            "timeouts": null
          },
          "sensitive_attributes": [],
          "identity_schema_version": 0,
          "private": "eyJlMmJmYjczMC1lY2FhLTExZTYtOGY4OC0zNDM2M2JjN2M0YzAiOnsiY3JlYXRlIjoxMjAwMDAwMDAwMDAwLCJkZWxldGUiOjEyMDAwMDAwMDAwMDAsInVwZGF0ZSI6MTIwMDAwMDAwMDAwMH0sInNjaGVtYV92ZXJzaW9uIjoiMSJ9",
          "dependencies": [
            "google_compute_network.eva_network"
          ]
        }
      ]
    },
    {
      "mode": "managed",
      "type": "google_compute_firewall",
      "name": "eva_ssh",
      "provider": "provider[\"registry.terraform.io/hashicorp/google\"]",
      "instances": [
        {
          "schema_version": 1,
          "attributes": {
            "allow": [
              {
                "ports": [
                  "22"
                ],
                "protocol": "tcp"
              }
            ],
            "creation_timestamp": "2025-08-02T15:16:10.218-07:00",
            "deny": [],
            "description": "Allow SSH access to Eva development instances",
            "destination_ranges": [],
            "direction": "INGRESS",
            "disabled": false,
            "enable_logging": null,
            "id": "projects/eva-deepseek-dev/global/firewalls/eva-dev-allow-ssh",
            "log_config": [],
            "name": "eva-dev-allow-ssh",
            "network": "https://www.googleapis.com/compute/v1/projects/eva-deepseek-dev/global/networks/eva-dev-network",
            "priority": 1000,
            "project": "eva-deepseek-dev",
            "self_link": "https://www.googleapis.com/compute/v1/projects/eva-deepseek-dev/global/firewalls/eva-dev-allow-ssh",
            "source_ranges": [
              "187.190.190.250/32"
            ],
            "source_service_accounts": [],
            "source_tags": [],
            "target_service_accounts": [],
            "target_tags": [
              "eva-dev"
            ],
            "timeouts": null
          },
          "sensitive_attributes": [],
          "identity_schema_version": 0,
          "private": "eyJlMmJmYjczMC1lY2FhLTExZTYtOGY4OC0zNDM2M2JjN2M0YzAiOnsiY3JlYXRlIjoxMjAwMDAwMDAwMDAwLCJkZWxldGUiOjEyMDAwMDAwMDAwMDAsInVwZGF0ZSI6MTIwMDAwMDAwMDAwMH0sInNjaGVtYV92ZXJzaW9uIjoiMSJ9",
          "dependencies": [
            "google_compute_network.eva_network"
          ]
        }
      ]
    },
    {
      "mode": "managed",
      "type": "google_compute_network",
      "name": "eva_network",
      "provider": "provider[\"registry.terraform.io/hashicorp/google\"]",
      "instances": [
        {
          "schema_version": 0,
          "attributes": {
            "auto_create_subnetworks": false,
            "delete_default_routes_on_create": false,
            "description": "Eva DeepSeek-V3 development network",
            "enable_ula_internal_ipv6": false,
            "gateway_ipv4": "",
            "id": "projects/eva-deepseek-dev/global/networks/eva-dev-network",
            "internal_ipv6_range": "",
            "mtu": 0,
            "name": "eva-dev-network",
            "network_firewall_policy_enforcement_order": "AFTER_CLASSIC_FIREWALL",
            "numeric_id": "6989429759644217585",
            "project": "eva-deepseek-dev",
            "routing_mode": "REGIONAL",
            "self_link": "https://www.googleapis.com/compute/v1/projects/eva-deepseek-dev/global/networks/eva-dev-network",
            "timeouts": null
          },
          "sensitive_attributes": [],
          "identity_schema_version": 0,
          "private": "eyJlMmJmYjczMC1lY2FhLTExZTYtOGY4OC0zNDM2M2JjN2M0YzAiOnsiY3JlYXRlIjoxMjAwMDAwMDAwMDAwLCJkZWxldGUiOjEyMDAwMDAwMDAwMDAsInVwZGF0ZSI6MTIwMDAwMDAwMDAwMH19"
        }
      ]
    },
    {
      "mode": "managed",
      "type": "google_compute_subnetwork",
      "name": "eva_subnet",
      "provider": "provider[\"registry.terraform.io/hashicorp/google\"]",
      "instances": [
        {
          "schema_version": 0,
          "attributes": {
            "creation_timestamp": "2025-08-02T15:16:10.237-07:00",
            "description": "Eva development subnet",
            "external_ipv6_prefix": "",
            "fingerprint": null,
            "gateway_address": "10.0.0.1",
            "id": "projects/eva-deepseek-dev/regions/us-central1/subnetworks/eva-dev-subnet",
            "internal_ipv6_prefix": "",
            "ip_cidr_range": "10.0.0.0/24",
            "ipv6_access_type": "",
            "ipv6_cidr_range": "",
            "log_config": [],
            "name": "eva-dev-subnet",
            "network": "https://www.googleapis.com/compute/v1/projects/eva-deepseek-dev/global/networks/eva-dev-network",
            "private_ip_google_access": false,
            "private_ipv6_google_access": "DISABLE_GOOGLE_ACCESS",
            "project": "eva-deepseek-dev",
            "purpose": "PRIVATE",
            "region": "us-central1",
            "role": "",
            "secondary_ip_range": [],
            "self_link": "https://www.googleapis.com/compute/v1/projects/eva-deepseek-dev/regions/us-central1/subnetworks/eva-dev-subnet",
            "send_secondary_ip_range_if_empty": null,
            "stack_type": "IPV4_ONLY",
            "timeouts": null
          },
          "sensitive_attributes": [],
          "identity_schema_version": 0,
          "private": "eyJlMmJmYjczMC1lY2FhLTExZTYtOGY4OC0zNDM2M2JjN2M0YzAiOnsiY3JlYXRlIjoxMjAwMDAwMDAwMDAwLCJkZWxldGUiOjEyMDAwMDAwMDAwMDAsInVwZGF0ZSI6MTIwMDAwMDAwMDAwMH19",
          "dependencies": [
            "google_compute_network.eva_network"
          ]
        }
      ]
    },
    {
      "mode": "managed",
      "type": "google_project_iam_member",
      "name": "eva_compute_logging",
      "provider": "provider[\"registry.terraform.io/hashicorp/google\"]",
      "instances": [
        {
          "schema_version": 0,
          "attributes": {
            "condition": [],
            "etag": "BwY7aTjqAwk=",
            "id": "eva-deepseek-dev/roles/logging.logWriter/serviceAccount:eva-dev-compute@eva-deepseek-dev.iam.gserviceaccount.com",
            "member": "serviceAccount:eva-dev-compute@eva-deepseek-dev.iam.gserviceaccount.com",
            "project": "eva-deepseek-dev",
            "role": "roles/logging.logWriter"
          },
          "sensitive_attributes": [],
          "identity_schema_version": 0,
          "private": "bnVsbA==",
          "dependencies": [
            "google_service_account.eva_compute"
          ]
        }
      ]
    },
    {
      "mode": "managed",
      "type": "google_project_iam_member",
      "name": "eva_compute_monitoring",
      "provider": "provider[\"registry.terraform.io/hashicorp/google\"]",
      "instances": [
        {
          "schema_version": 0,
          "attributes": {
            "condition": [],
            "etag": "BwY7aTjqAwk=",
            "id": "eva-deepseek-dev/roles/monitoring.metricWriter/serviceAccount:eva-dev-compute@eva-deepseek-dev.iam.gserviceaccount.com",
            "member": "serviceAccount:eva-dev-compute@eva-deepseek-dev.iam.gserviceaccount.com",
            "project": "eva-deepseek-dev",
            "role": "roles/monitoring.metricWriter"
          },
          "sensitive_attributes": [],
          "identity_schema_version": 0,
          "private": "bnVsbA==",
          "dependencies": [
            "google_service_account.eva_compute"
          ]
        }
      ]
    },
    {
      "mode": "managed",
      "type": "google_project_iam_member",
      "name": "eva_compute_storage",
      "provider": "provider[\"registry.terraform.io/hashicorp/google\"]",
      "instances": [
        {
          "schema_version": 0,
          "attributes": {
            "condition": [],
            "etag": "BwY7aTjqAwk=",
            "id": "eva-deepseek-dev/roles/storage.admin/serviceAccount:eva-dev-compute@eva-deepseek-dev.iam.gserviceaccount.com",
            "member": "serviceAccount:eva-dev-compute@eva-deepseek-dev.iam.gserviceaccount.com",
            "project": "eva-deepseek-dev",
            "role": "roles/storage.admin"
          },
          "sensitive_attributes": [],
          "identity_schema_version": 0,
          "private": "bnVsbA==",
          "dependencies": [
            "google_service_account.eva_compute"
          ]
        }
      ]
    },
    {
      "mode": "managed",
      "type": "google_service_account",
      "name": "eva_compute",
      "provider": "provider[\"registry.terraform.io/hashicorp/google\"]",
      "instances": [
        {
          "schema_version": 0,
          "attributes": {
            "account_id": "eva-dev-compute",
            "create_ignore_already_exists": null,
            "description": "Service account for Eva development instances",
            "disabled": false,
            "display_name": "Eva Development Compute Service Account",
            "email": "eva-dev-compute@eva-deepseek-dev.iam.gserviceaccount.com",
            "id": "projects/eva-deepseek-dev/serviceAccounts/eva-dev-compute@eva-deepseek-dev.iam.gserviceaccount.com",
            "member": "serviceAccount:eva-dev-compute@eva-deepseek-dev.iam.gserviceaccount.com",
            "name": "projects/eva-deepseek-dev/serviceAccounts/eva-dev-compute@eva-deepseek-dev.iam.gserviceaccount.com",
            "project": "eva-deepseek-dev",
            "timeouts": null,
            "unique_id": "101575313416243713520"
          },
          "sensitive_attributes": [],
          "identity_schema_version": 0,
          "private": "eyJlMmJmYjczMC1lY2FhLTExZTYtOGY4OC0zNDM2M2JjN2M0YzAiOnsiY3JlYXRlIjozMDAwMDAwMDAwMDB9fQ=="
        }
      ]
    },
    {
      "mode": "managed",
      "type": "google_storage_bucket",
      "name": "eva_data",
      "provider": "provider[\"registry.terraform.io/hashicorp/google\"]",
      "instances": [
        {
          "schema_version": 2,
          "attributes": {
            "autoclass": [],
            "cors": [],
            "custom_placement_config": [],
            "default_event_based_hold": false,
            "effective_labels": {
              "environment": "dev",
              "project": "eva",
              "purpose": "ml-data"
            },
            "enable_object_retention": false,
            "encryption": [],
            "force_destroy": false,
            "id": "eva-deepseek-dev-eva-dev-data",
            "labels": {
              "environment": "dev",
              "project": "eva",
              "purpose": "ml-data"
            },
            "lifecycle_rule": [
              {
                "action": [
                  {
                    "storage_class": "",
                    "type": "Delete"
                  }
                ],
                "condition": [
                  {
                    "age": 90,
                    "created_before": "",
                    "custom_time_before": "",
                    "days_since_custom_time": 0,
                    "days_since_noncurrent_time": 0,
                    "matches_prefix": [],
                    "matches_storage_class": [],
                    "matches_suffix": [],
                    "no_age": false,
                    "noncurrent_time_before": "",
                    "num_newer_versions": 0,
                    "send_age_if_zero": true,
                    "send_days_since_custom_time_if_zero": false,
                    "send_days_since_noncurrent_time_if_zero": false,
                    "send_num_newer_versions_if_zero": false,
                    "with_state": "ANY"
                  }
                ]
              }
            ],
            "location": "US-CENTRAL1",
            "logging": [],
            "name": "eva-deepseek-dev-eva-dev-data",
            "project": "eva-deepseek-dev",
            "project_number": 828903300090,
            "public_access_prevention": "inherited",
            "requester_pays": false,
            "retention_policy": [],
            "rpo": null,
            "self_link": "https://www.googleapis.com/storage/v1/b/eva-deepseek-dev-eva-dev-data",
            "soft_delete_policy": [
              {
                "effective_time": "2025-08-02T22:15:58.700Z",
                "retention_duration_seconds": 604800
              }
            ],
            "storage_class": "STANDARD",
            "terraform_labels": {
              "environment": "dev",
              "project": "eva",
              "purpose": "ml-data"
            },
            "timeouts": null,
            "uniform_bucket_level_access": true,
            "url": "gs://eva-deepseek-dev-eva-dev-data",
            "versioning": [
              {
                "enabled": true
              }
            ],
            "website": []
          },
          "sensitive_attributes": [],
          "identity_schema_version": 0,
          "private": "eyJlMmJmYjczMC1lY2FhLTExZTYtOGY4OC0zNDM2M2JjN2M0YzAiOnsiY3JlYXRlIjo2MDAwMDAwMDAwMDAsInJlYWQiOjI0MDAwMDAwMDAwMCwidXBkYXRlIjoyNDAwMDAwMDAwMDB9LCJzY2hlbWFfdmVyc2lvbiI6IjIifQ=="
        }
      ]
    }
  ],
  "check_results": null
}
